PODS:
  - R.swift (5.0.3):
    - R.swift.Library (~> 5.0.0)
  - R.swift.Library (5.0.0)
  - SVProgressHUD (2.2.5)
  - Swinject (2.6.0)
  - SwinjectStoryboard (2.1.0):
    - Swinject (~> 2.5)

DEPENDENCIES:
  - R.swift
  - SVProgressHUD
  - Swinject
  - SwinjectStoryboard

SPEC REPOS:
  https://github.com/cocoapods/specs.git:
    - R.swift
    - R.swift.Library
    - SVProgressHUD
    - Swinject
    - SwinjectStoryboard

SPEC CHECKSUMS:
  R.swift: f5a87643b91ea569d23d6afb3eee9c743edde239
  R.swift.Library: 0bf390e729bc10bb2c9e4fb78bd043164a7be4ff
  SVProgressHUD: 1428aafac632c1f86f62aa4243ec12008d7a51d6
  Swinject: 48a96cda93633cf2860697b4ce76ab5db9ebaca2
  SwinjectStoryboard: 688f096033103e66ffcf6ca678211acd7d7be505

PODFILE CHECKSUM: aa0adf59cb4dff687a0f24c16aa86ae36c7518b0

COCOAPODS: 1.6.1
